PODS:
  - Flutter (1.0.0)
  - FlutterPluginRegistrant (0.0.1):
    - Flutter

DEPENDENCIES:
  - Flutter (from `../flutter_module/.ios/Flutter/engine`)
  - FlutterPluginRegistrant (from `../flutter_module/.ios/Flutter/FlutterPluginRegistrant`)

EXTERNAL SOURCES:
  Flutter:
    :path: ../flutter_module/.ios/Flutter/engine
  FlutterPluginRegistrant:
    :path: ../flutter_module/.ios/Flutter/FlutterPluginRegistrant

SPEC CHECKSUMS:
  Flutter: 9d0fac939486c9aba2809b7982dfdbb47a7b0296
  FlutterPluginRegistrant: 5f33f54e5f25444620ff39f2bdee4262d673ec7b

PODFILE CHECKSUM: 897e23ba9627a6714da5b08e809be4451919915b

COCOAPODS: 1.4.0
